<?xml version="1.0" encoding="utf-8"?>
<Project ToolsVersion="4.0" xmlns="http://schemas.microsoft.com/developer/msbuild/2003">
  <ItemGroup>
    <Filter Include="System">
      <UniqueIdentifier>{b9178ee1-ca45-46a8-a327-ca61044afbd0}</UniqueIdentifier>
    </Filter>
    <Filter Include="System\Time">
      <UniqueIdentifier>{614a9b84-8779-4643-99da-3b3faae8bb2c}</UniqueIdentifier>
    </Filter>
    <Filter Include="System\Memory">
      <UniqueIdentifier>{28242e1e-4a58-4ea3-92b4-6c4504b9336f}</UniqueIdentifier>
    </Filter>
    <Filter Include="System\Threading">
      <UniqueIdentifier>{c6b65025-e122-447f-a878-9cab15fec0e0}</UniqueIdentifier>
    </Filter>
    <Filter Include="DataStruct">
      <UniqueIdentifier>{e1c68bf5-273c-48c6-b182-038b177b3c50}</UniqueIdentifier>
    </Filter>
    <Filter Include="String">
      <UniqueIdentifier>{a52e4a78-c316-4d16-a7bb-cceba1e8ac89}</UniqueIdentifier>
    </Filter>
    <Filter Include="System\Assert">
      <UniqueIdentifier>{6a9fd70d-bafa-432d-ac61-210bd2e49da7}</UniqueIdentifier>
    </Filter>
    <Filter Include="System\Assert\Win32">
      <UniqueIdentifier>{1f46ec96-5519-4db0-bfbb-0fcb57464dce}</UniqueIdentifier>
    </Filter>
    <Filter Include="System\Storage">
      <UniqueIdentifier>{6fbc368a-3f12-4620-bb48-31fabe1fc38b}</UniqueIdentifier>
    </Filter>
  </ItemGroup>
  <ItemGroup>
    <ClInclude Include="..\..\..\Source\CoreLib\Types.hpp" />
    <ClCompile Include="..\..\..\Source\CoreLib\Types.cpp" />
    <ClInclude Include="..\..\..\Source\CoreLib\System\Time\Time.hpp">
      <Filter>System\Time</Filter>
    </ClInclude>
    <ClInclude Include="..\..\..\Source\CoreLib\Core.hpp" />
    <ClInclude Include="..\..\..\Source\CoreLib\System\Memory\Memory.hpp">
      <Filter>System\Memory</Filter>
    </ClInclude>
    <ClInclude Include="..\..\..\Source\CoreLib\System\System.hpp">
      <Filter>System</Filter>
    </ClInclude>
    <ClInclude Include="..\..\..\Source\CoreLib\System\Threading\Thread.Win32.hpp">
      <Filter>System\Threading</Filter>
    </ClInclude>
    <ClInclude Include="..\..\..\Source\CoreLib\System\Threading\Thread.hpp">
      <Filter>System\Threading</Filter>
    </ClInclude>
    <ClInclude Include="..\..\..\Source\CoreLib\DataStruct\Vector.hpp">
      <Filter>DataStruct</Filter>
    </ClInclude>
    <ClInclude Include="..\..\..\Source\CoreLib\String\String.hpp">
      <Filter>String</Filter>
    </ClInclude>
    <ClInclude Include="..\..\..\Source\CoreLib\System\Assert\Assert.hpp">
      <Filter>System\Assert</Filter>
    </ClInclude>
    <ClInclude Include="..\..\..\Source\CoreLib\System\Assert\Win32\Window.hpp">
      <Filter>System\Assert\Win32</Filter>
    </ClInclude>
    <ClInclude Include="..\..\..\Source\CoreLib\System\Assert\Win32\AssertWnd.hpp">
      <Filter>System\Assert\Win32</Filter>
    </ClInclude>
    <ClInclude Include="..\..\..\Source\CoreLib\System\Storage\File.Win32.hpp">
      <Filter>System\Storage</Filter>
    </ClInclude>
    <ClInclude Include="..\..\..\Source\CoreLib\System\Storage\File.hpp">
      <Filter>System\Storage</Filter>
    </ClInclude>
    <ClInclude Include="..\..\..\Source\CoreLib\System\Storage\TextFile.hpp">
      <Filter>System\Storage</Filter>
    </ClInclude>
  </ItemGroup>
  <ItemGroup>
    <ClCompile Include="..\..\..\Source\CoreLib\System\Time\Time.Win32.cpp">
      <Filter>System\Time</Filter>
    </ClCompile>
    <ClCompile Include="..\..\..\Source\CoreLib\System\Memory\Memory.cpp">
      <Filter>System\Memory</Filter>
    </ClCompile>
    <ClCompile Include="..\..\..\Source\CoreLib\System\System.Win32.cpp">
      <Filter>System</Filter>
    </ClCompile>
    <ClCompile Include="..\..\..\Source\CoreLib\System\Threading\Thread.Win32.cpp">
      <Filter>System\Threading</Filter>
    </ClCompile>
    <ClCompile Include="..\..\..\Source\CoreLib\DataStruct\Vector.cpp">
      <Filter>DataStruct</Filter>
    </ClCompile>
    <ClCompile Include="..\..\..\Source\CoreLib\String\String.cpp">
      <Filter>String</Filter>
    </ClCompile>
    <ClCompile Include="..\..\..\Source\CoreLib\String\String.Win32.cpp">
      <Filter>String</Filter>
    </ClCompile>
    <ClCompile Include="..\..\..\Source\CoreLib\System\Assert\Assert.Win32.cpp">
      <Filter>System\Assert</Filter>
    </ClCompile>
    <ClCompile Include="..\..\..\Source\CoreLib\System\Assert\Win32\Window.cpp">
      <Filter>System\Assert\Win32</Filter>
    </ClCompile>
    <ClCompile Include="..\..\..\Source\CoreLib\System\Assert\Win32\AssertWnd.cpp">
      <Filter>System\Assert\Win32</Filter>
    </ClCompile>
    <ClCompile Include="..\..\..\Source\CoreLib\System\Storage\File.Win32.cpp">
      <Filter>System\Storage</Filter>
    </ClCompile>
    <ClCompile Include="..\..\..\Source\CoreLib\System\Storage\File.cpp">
      <Filter>System\Storage</Filter>
    </ClCompile>
    <ClCompile Include="..\..\..\Source\CoreLib\System\Storage\TextFile.cpp">
      <Filter>System\Storage</Filter>
    </ClCompile>
  </ItemGroup>
</Project>