<?xml version="1.0" encoding="utf-8"?>
<Project ToolsVersion="4.0" xmlns="http://schemas.microsoft.com/developer/msbuild/2003">
  <ItemGroup>
    <Filter Include="System">
      <UniqueIdentifier>{b9178ee1-ca45-46a8-a327-ca61044afbd0}</UniqueIdentifier>
    </Filter>
    <Filter Include="System\Time">
      <UniqueIdentifier>{614a9b84-8779-4643-99da-3b3faae8bb2c}</UniqueIdentifier>
    </Filter>
    <Filter Include="System\Memory">
      <UniqueIdentifier>{28242e1e-4a58-4ea3-92b4-6c4504b9336f}</UniqueIdentifier>
    </Filter>
    <Filter Include="System\Threading">
      <UniqueIdentifier>{c6b65025-e122-447f-a878-9cab15fec0e0}</UniqueIdentifier>
    </Filter>
    <Filter Include="DataStruct">
      <UniqueIdentifier>{e1c68bf5-273c-48c6-b182-038b177b3c50}</UniqueIdentifier>
    </Filter>
  </ItemGroup>
  <ItemGroup>
    <ClInclude Include="..\..\..\Source\CoreLib\Types.hpp" />
    <ClInclude Include="..\..\..\Source\CoreLib\System\Time\Time.hpp">
      <Filter>System\Time</Filter>
    </ClInclude>
    <ClInclude Include="..\..\..\Source\CoreLib\Core.hpp" />
    <ClInclude Include="..\..\..\Source\CoreLib\System\Memory\Memory.hpp">
      <Filter>System\Memory</Filter>
    </ClInclude>
    <ClInclude Include="..\..\..\Source\CoreLib\System\System.hpp">
      <Filter>System</Filter>
    </ClInclude>
    <ClInclude Include="..\..\..\Source\CoreLib\System\Threading\Thread.Win32.hpp">
      <Filter>System\Threading</Filter>
    </ClInclude>
    <ClInclude Include="..\..\..\Source\CoreLib\System\Threading\Thread.hpp">
      <Filter>System\Threading</Filter>
    </ClInclude>
    <ClInclude Include="..\..\..\Source\CoreLib\DataStruct\Vector.hpp">
      <Filter>DataStruct</Filter>
    </ClInclude>
    <ClInclude Include="..\..\..\Source\CoreLib\String.hpp" />
  </ItemGroup>
  <ItemGroup>
    <ClCompile Include="..\..\..\Source\CoreLib\System\Time\Time.Win32.cpp">
      <Filter>System\Time</Filter>
    </ClCompile>
    <ClCompile Include="..\..\..\Source\CoreLib\System\Memory\Memory.cpp">
      <Filter>System\Memory</Filter>
    </ClCompile>
    <ClCompile Include="..\..\..\Source\CoreLib\System\System.Win32.cpp">
      <Filter>System</Filter>
    </ClCompile>
    <ClCompile Include="..\..\..\Source\CoreLib\System\Threading\Thread.Win32.cpp">
      <Filter>System\Threading</Filter>
    </ClCompile>
    <ClCompile Include="..\..\..\Source\CoreLib\DataStruct\Vector.cpp">
      <Filter>DataStruct</Filter>
    </ClCompile>
    <ClCompile Include="..\..\..\Source\CoreLib\String.cpp" />
  </ItemGroup>
</Project>