<?xml version="1.0" encoding="utf-8"?>
<Project ToolsVersion="4.0" xmlns="http://schemas.microsoft.com/developer/msbuild/2003">
  <ItemGroup>
    <Filter Include="DataStruct">
      <UniqueIdentifier>{650c866e-fdb4-4f22-8d88-4f42cfb92892}</UniqueIdentifier>
    </Filter>
    <Filter Include="String">
      <UniqueIdentifier>{be0089e2-0168-4065-8115-f1a95ff2dc64}</UniqueIdentifier>
    </Filter>
    <Filter Include="Assert">
      <UniqueIdentifier>{344d38b6-9565-4d07-9ca5-4ced382b2375}</UniqueIdentifier>
    </Filter>
    <Filter Include="Storage">
      <UniqueIdentifier>{7cb94b15-505e-4a3b-8204-a6e996420716}</UniqueIdentifier>
    </Filter>
    <Filter Include="Memory">
      <UniqueIdentifier>{d46a478d-afc2-48c3-b7e3-7edb1594f648}</UniqueIdentifier>
    </Filter>
    <Filter Include="Threading">
      <UniqueIdentifier>{e28ac5cb-e541-42f7-876c-a9120df66b34}</UniqueIdentifier>
    </Filter>
    <Filter Include="Time">
      <UniqueIdentifier>{edf0da89-777d-420a-831a-84670eb2bcdc}</UniqueIdentifier>
    </Filter>
  </ItemGroup>
  <ItemGroup>
    <ClCompile Include="..\..\..\Source\CoreSpecimen\CoreSpecimen.cpp" />
    <ClCompile Include="..\..\..\Source\CoreSpecimen\Main.Win32.cpp" />
    <ClCompile Include="..\..\..\Source\CoreSpecimen\DataStruct\Vector.cpp">
      <Filter>DataStruct</Filter>
    </ClCompile>
    <ClCompile Include="..\..\..\Source\CoreSpecimen\DataStruct\Counter.cpp">
      <Filter>DataStruct</Filter>
    </ClCompile>
    <ClCompile Include="..\..\..\Source\CoreSpecimen\DataStruct\StdVector.cpp">
      <Filter>DataStruct</Filter>
    </ClCompile>
    <ClCompile Include="..\..\..\Source\CoreSpecimen\String\String.cpp">
      <Filter>String</Filter>
    </ClCompile>
    <ClCompile Include="..\..\..\Source\CoreSpecimen\Types.cpp" />
    <ClCompile Include="..\..\..\Source\CoreSpecimen\Time\Time.cpp">
      <Filter>Time</Filter>
    </ClCompile>
    <ClCompile Include="..\..\..\Source\CoreSpecimen\Threading\Thread.cpp">
      <Filter>Threading</Filter>
    </ClCompile>
    <ClCompile Include="..\..\..\Source\CoreSpecimen\Storage\TextFile.cpp">
      <Filter>Storage</Filter>
    </ClCompile>
    <ClCompile Include="..\..\..\Source\CoreSpecimen\Storage\File.cpp">
      <Filter>Storage</Filter>
    </ClCompile>
    <ClCompile Include="..\..\..\Source\CoreSpecimen\Memory\Memory.cpp">
      <Filter>Memory</Filter>
    </ClCompile>
    <ClCompile Include="..\..\..\Source\CoreSpecimen\Assert\Assert.cpp">
      <Filter>Assert</Filter>
    </ClCompile>
    <ClCompile Include="..\..\..\Source\CoreSpecimen\System.cpp" />
    <ClCompile Include="..\..\..\Source\CoreSpecimen\Storage\IniFile.cpp">
      <Filter>Storage</Filter>
    </ClCompile>
  </ItemGroup>
  <ItemGroup>
    <ClInclude Include="..\..\..\Source\CoreSpecimen\Core.hpp" />
    <ClInclude Include="..\..\..\Source\CoreSpecimen\DataStruct\Counter.hpp">
      <Filter>DataStruct</Filter>
    </ClInclude>
  </ItemGroup>
</Project>