<?xml version="1.0" encoding="utf-8"?>
<Project ToolsVersion="4.0" xmlns="http://schemas.microsoft.com/developer/msbuild/2003">
  <ItemGroup>
    <Filter Include="DataStruct">
      <UniqueIdentifier>{e1c68bf5-273c-48c6-b182-038b177b3c50}</UniqueIdentifier>
    </Filter>
    <Filter Include="String">
      <UniqueIdentifier>{a52e4a78-c316-4d16-a7bb-cceba1e8ac89}</UniqueIdentifier>
    </Filter>
    <Filter Include="Assert">
      <UniqueIdentifier>{86432a79-678d-4f50-9020-b3cddf59e1a1}</UniqueIdentifier>
    </Filter>
    <Filter Include="Assert\Win32">
      <UniqueIdentifier>{7b60846e-4e63-45a6-a14f-9c9c7e620a8b}</UniqueIdentifier>
    </Filter>
    <Filter Include="Memory">
      <UniqueIdentifier>{b3a08378-3283-49ba-bd14-b9c03a288bc3}</UniqueIdentifier>
    </Filter>
    <Filter Include="Storage">
      <UniqueIdentifier>{482f0983-f1a2-492c-969e-8f1da59f00f9}</UniqueIdentifier>
    </Filter>
    <Filter Include="Threading">
      <UniqueIdentifier>{fd07e526-bb84-418f-ba0e-7ded2f57368f}</UniqueIdentifier>
    </Filter>
    <Filter Include="Time">
      <UniqueIdentifier>{80225880-7a5f-4885-9833-ebd677620f25}</UniqueIdentifier>
    </Filter>
    <Filter Include="Storage\IniFile">
      <UniqueIdentifier>{9a850384-c4a2-4419-a164-6c69784fb36a}</UniqueIdentifier>
    </Filter>
    <Filter Include="Storage\File">
      <UniqueIdentifier>{a0bd8d9d-ac41-4e81-8cf3-d0ede8eb6065}</UniqueIdentifier>
    </Filter>
    <Filter Include="Storage\TextFIle">
      <UniqueIdentifier>{f8a4ec46-0678-451b-abfc-0f13d7b43b2e}</UniqueIdentifier>
    </Filter>
  </ItemGroup>
  <ItemGroup>
    <ClInclude Include="..\..\..\Source\CoreLib\Types.hpp" />
    <ClCompile Include="..\..\..\Source\CoreLib\Types.cpp" />
    <ClInclude Include="..\..\..\Source\CoreLib\Core.hpp" />
    <ClInclude Include="..\..\..\Source\CoreLib\DataStruct\Vector.hpp">
      <Filter>DataStruct</Filter>
    </ClInclude>
    <ClInclude Include="..\..\..\Source\CoreLib\String\String.hpp">
      <Filter>String</Filter>
    </ClInclude>
    <ClInclude Include="..\..\..\Source\CoreLib\Assert\Assert.hpp">
      <Filter>Assert</Filter>
    </ClInclude>
    <ClInclude Include="..\..\..\Source\CoreLib\Assert\Win32\Window.hpp">
      <Filter>Assert\Win32</Filter>
    </ClInclude>
    <ClInclude Include="..\..\..\Source\CoreLib\Assert\Win32\AssertWnd.hpp">
      <Filter>Assert\Win32</Filter>
    </ClInclude>
    <ClInclude Include="..\..\..\Source\CoreLib\Memory\Memory.hpp">
      <Filter>Memory</Filter>
    </ClInclude>
    <ClInclude Include="..\..\..\Source\CoreLib\Threading\Thread.Win32.hpp">
      <Filter>Threading</Filter>
    </ClInclude>
    <ClInclude Include="..\..\..\Source\CoreLib\Threading\Thread.hpp">
      <Filter>Threading</Filter>
    </ClInclude>
    <ClInclude Include="..\..\..\Source\CoreLib\Time\Time.hpp">
      <Filter>Time</Filter>
    </ClInclude>
    <ClInclude Include="..\..\..\Source\CoreLib\System.hpp" />
    <ClInclude Include="..\..\..\Source\CoreLib\Storage\IniFile.hpp">
      <Filter>Storage</Filter>
    </ClInclude>
    <ClInclude Include="..\..\..\Source\CoreLib\Storage\TextFile.hpp">
      <Filter>Storage</Filter>
    </ClInclude>
    <ClInclude Include="..\..\..\Source\CoreLib\Storage\File.hpp">
      <Filter>Storage</Filter>
    </ClInclude>
    <ClInclude Include="..\..\..\Source\CoreLib\Storage\TextFile\TextFile.hpp">
      <Filter>Storage\TextFIle</Filter>
    </ClInclude>
    <ClInclude Include="..\..\..\Source\CoreLib\Storage\File\File.Win32.hpp">
      <Filter>Storage\File</Filter>
    </ClInclude>
    <ClInclude Include="..\..\..\Source\CoreLib\Storage\IniFile\IniFile.hpp">
      <Filter>Storage\IniFile</Filter>
    </ClInclude>
    <ClInclude Include="..\..\..\Source\CoreLib\Assert\CoreException.hpp">
      <Filter>Assert</Filter>
    </ClInclude>
    <ClInclude Include="..\..\..\Source\CoreLib\DataStruct\VectorAssert.hpp">
      <Filter>DataStruct</Filter>
    </ClInclude>
    <ClInclude Include="..\..\..\Source\CoreLib\Storage\File\File.hpp">
      <Filter>Storage\File</Filter>
    </ClInclude>
  </ItemGroup>
  <ItemGroup>
    <ClCompile Include="..\..\..\Source\CoreLib\DataStruct\Vector.cpp">
      <Filter>DataStruct</Filter>
    </ClCompile>
    <ClCompile Include="..\..\..\Source\CoreLib\String\String.cpp">
      <Filter>String</Filter>
    </ClCompile>
    <ClCompile Include="..\..\..\Source\CoreLib\String\String.Win32.cpp">
      <Filter>String</Filter>
    </ClCompile>
    <ClCompile Include="..\..\..\Source\CoreLib\Assert\Assert.Win32.cpp">
      <Filter>Assert</Filter>
    </ClCompile>
    <ClCompile Include="..\..\..\Source\CoreLib\Assert\Win32\Window.cpp">
      <Filter>Assert\Win32</Filter>
    </ClCompile>
    <ClCompile Include="..\..\..\Source\CoreLib\Assert\Win32\AssertWnd.cpp">
      <Filter>Assert\Win32</Filter>
    </ClCompile>
    <ClCompile Include="..\..\..\Source\CoreLib\Memory\Memory.cpp">
      <Filter>Memory</Filter>
    </ClCompile>
    <ClCompile Include="..\..\..\Source\CoreLib\Threading\Thread.Win32.cpp">
      <Filter>Threading</Filter>
    </ClCompile>
    <ClCompile Include="..\..\..\Source\CoreLib\Time\Time.Win32.cpp">
      <Filter>Time</Filter>
    </ClCompile>
    <ClCompile Include="..\..\..\Source\CoreLib\System.Win32.cpp" />
    <ClCompile Include="..\..\..\Source\CoreLib\Storage\TextFile\TextFile.cpp">
      <Filter>Storage\TextFIle</Filter>
    </ClCompile>
    <ClCompile Include="..\..\..\Source\CoreLib\Storage\File\File.Win32.cpp">
      <Filter>Storage\File</Filter>
    </ClCompile>
    <ClCompile Include="..\..\..\Source\CoreLib\Storage\IniFile\IniFile.cpp">
      <Filter>Storage\IniFile</Filter>
    </ClCompile>
    <ClCompile Include="..\..\..\Source\CoreLib\Storage\IniFile\Section.cpp">
      <Filter>Storage\IniFile</Filter>
    </ClCompile>
    <ClCompile Include="..\..\..\Source\CoreLib\Storage\IniFile\KeyValue.cpp">
      <Filter>Storage\IniFile</Filter>
    </ClCompile>
    <ClCompile Include="..\..\..\Source\CoreLib\Assert\CoreException.cpp">
      <Filter>Assert</Filter>
    </ClCompile>
    <ClCompile Include="..\..\..\Source\CoreLib\Assert\Assert.cpp">
      <Filter>Assert</Filter>
    </ClCompile>
    <ClCompile Include="..\..\..\Source\CoreLib\System.cpp" />
    <ClCompile Include="..\..\..\Source\CoreLib\DataStruct\VectorAssert.cpp">
      <Filter>DataStruct</Filter>
    </ClCompile>
    <ClCompile Include="..\..\..\Source\CoreLib\Storage\File\File.cpp">
      <Filter>Storage\File</Filter>
    </ClCompile>
  </ItemGroup>
</Project>