<?xml version="1.0" encoding="utf-8"?>
<Project ToolsVersion="4.0" xmlns="http://schemas.microsoft.com/developer/msbuild/2003">
  <ItemGroup>
    <ClInclude Include="..\..\..\Source\Assert\Assert.hpp">
      <Filter>Source\Assert</Filter>
    </ClInclude>
    <ClInclude Include="..\..\..\Source\Assert\Win32\AssertWnd.hpp">
      <Filter>Source\Assert\Win32</Filter>
    </ClInclude>
    <ClInclude Include="..\..\..\Source\DataStruct\Vector.hpp">
      <Filter>Source\DataStruct</Filter>
    </ClInclude>
    <ClInclude Include="..\..\..\Source\DataStruct\VectorAssert.hpp">
      <Filter>Source\DataStruct</Filter>
    </ClInclude>
    <ClInclude Include="..\..\..\Source\Memory\Memory.hpp">
      <Filter>Source\Memory</Filter>
    </ClInclude>
    <ClInclude Include="..\..\..\Source\String\String.hpp">
      <Filter>Source\String</Filter>
    </ClInclude>
    <ClInclude Include="..\..\..\Source\Threading\Thread.hpp">
      <Filter>Source\Threading</Filter>
    </ClInclude>
    <ClInclude Include="..\..\..\Source\Threading\Thread.Win32.hpp">
      <Filter>Source\Threading</Filter>
    </ClInclude>
    <ClInclude Include="..\..\..\Source\System.hpp">
      <Filter>Source</Filter>
    </ClInclude>
    <ClInclude Include="..\..\..\Source\Types.hpp">
      <Filter>Source</Filter>
    </ClInclude>
    <ClInclude Include="..\..\..\Source\Storage\File\File.hpp">
      <Filter>Source\Storage\File</Filter>
    </ClInclude>
    <ClInclude Include="..\..\..\Source\Storage\File\File.Win32.hpp">
      <Filter>Source\Storage\File</Filter>
    </ClInclude>
    <ClInclude Include="..\..\..\Source\Storage\IniFile\IniFile.hpp">
      <Filter>Source\Storage\InitFile</Filter>
    </ClInclude>
    <ClInclude Include="..\..\..\Source\Storage\TextFile\TextFile.hpp">
      <Filter>Source\Storage\TextFile</Filter>
    </ClInclude>
    <ClInclude Include="..\..\..\Source\Storage\File.hpp">
      <Filter>Source\Storage</Filter>
    </ClInclude>
    <ClInclude Include="..\..\..\Source\Storage\IniFile.hpp">
      <Filter>Source\Storage</Filter>
    </ClInclude>
    <ClInclude Include="..\..\..\Source\Storage\TextFile.hpp">
      <Filter>Source\Storage</Filter>
    </ClInclude>
    <ClInclude Include="..\..\..\Include\Galatea.hpp">
      <Filter>Include</Filter>
    </ClInclude>
    <ClInclude Include="..\..\..\Source\Galatea.hpp">
      <Filter>Source</Filter>
    </ClInclude>
    <ClInclude Include="..\..\..\Source\Assert\Exception.hpp">
      <Filter>Source\Assert</Filter>
    </ClInclude>
    <ClInclude Include="..\..\..\Source\Geometry\Geometry.hpp">
      <Filter>Source\Geometry</Filter>
    </ClInclude>
    <ClInclude Include="..\..\..\Source\Geometry\Motion.hpp">
      <Filter>Source\Geometry</Filter>
    </ClInclude>
    <ClInclude Include="..\..\..\Source\Geometry\Point.hpp">
      <Filter>Source\Geometry</Filter>
    </ClInclude>
    <ClInclude Include="..\..\..\Source\Geometry\Rectangle.hpp">
      <Filter>Source\Geometry</Filter>
    </ClInclude>
    <ClInclude Include="..\..\..\Source\Geometry\Vector.hpp">
      <Filter>Source\Geometry</Filter>
    </ClInclude>
    <ClInclude Include="..\..\..\Source\Timing\Timing.hpp">
      <Filter>Source\Timing</Filter>
    </ClInclude>
    <ClInclude Include="..\..\..\Source\Timing\Clock.hpp">
      <Filter>Source\Timing</Filter>
    </ClInclude>
    <ClInclude Include="..\..\..\Source\Timing\Rate.hpp">
      <Filter>Source\Timing</Filter>
    </ClInclude>
    <ClInclude Include="..\..\..\Source\Display\SDL\ImageSDL.hpp">
      <Filter>Source\Display\SDL</Filter>
    </ClInclude>
    <ClInclude Include="..\..\..\Source\Display\SDL\InputSDL.hpp">
      <Filter>Source\Display\SDL</Filter>
    </ClInclude>
    <ClInclude Include="..\..\..\Source\Display\SDL\WindowSDL.hpp">
      <Filter>Source\Display\SDL</Filter>
    </ClInclude>
    <ClInclude Include="..\..\..\Source\Display\Color.hpp">
      <Filter>Source\Display</Filter>
    </ClInclude>
    <ClInclude Include="..\..\..\Source\Display\Display.hpp">
      <Filter>Source\Display</Filter>
    </ClInclude>
    <ClInclude Include="..\..\..\Source\Display\Image.hpp">
      <Filter>Source\Display</Filter>
    </ClInclude>
    <ClInclude Include="..\..\..\Source\Display\Sprite.hpp">
      <Filter>Source\Display</Filter>
    </ClInclude>
    <ClInclude Include="..\..\..\Source\Display\Window.hpp">
      <Filter>Source\Display</Filter>
    </ClInclude>
    <ClInclude Include="..\..\..\Source\Math\Math.hpp">
      <Filter>Source\Math</Filter>
    </ClInclude>
    <ClInclude Include="..\..\..\Source\Input\Input.hpp">
      <Filter>Source\Input</Filter>
    </ClInclude>
    <ClInclude Include="..\..\..\Source\Input\Keys.hpp">
      <Filter>Source\Input</Filter>
    </ClInclude>
    <ClInclude Include="..\..\..\Source\Assert\Win32\BaseWindow.hpp">
      <Filter>Source\Assert\Win32</Filter>
    </ClInclude>
    <ClInclude Include="..\..\..\Source\Geometry\Size.hpp">
      <Filter>Source\Geometry</Filter>
    </ClInclude>
    <ClInclude Include="..\..\..\Source\Geometry\Center.hpp">
      <Filter>Source\Geometry</Filter>
    </ClInclude>
    <ClInclude Include="..\..\..\Source\Platform\Element.hpp">
      <Filter>Source\Platform</Filter>
    </ClInclude>
    <ClInclude Include="..\..\..\Source\Platform\Platform.hpp">
      <Filter>Source\Platform</Filter>
    </ClInclude>
    <ClInclude Include="..\..\..\Source\Platform\Zone.hpp">
      <Filter>Source\Platform</Filter>
    </ClInclude>
    <ClInclude Include="..\..\..\Source\Platform\Camera.hpp">
      <Filter>Source\Platform</Filter>
    </ClInclude>
    <ClInclude Include="..\..\..\Source\Storage\Storage.hpp">
      <Filter>Source\Storage</Filter>
    </ClInclude>
    <ClInclude Include="..\..\..\Source\Input\Alignment.hpp">
      <Filter>Source\Input</Filter>
    </ClInclude>
    <ClInclude Include="..\..\..\Source\Input\Command.hpp">
      <Filter>Source\Input</Filter>
    </ClInclude>
    <ClInclude Include="..\..\..\Source\Buffer.hpp">
      <Filter>Source</Filter>
    </ClInclude>
    <ClInclude Include="..\..\..\Source\Audio\Audio.hpp">
      <Filter>Source\Audio</Filter>
    </ClInclude>
    <ClInclude Include="..\..\..\Source\Audio\OpenAL\AudioSystemOpenAL.hpp">
      <Filter>Source\Audio\OpenAL</Filter>
    </ClInclude>
    <ClInclude Include="..\..\..\Source\Audio\AudioSystem.hpp">
      <Filter>Source\Audio</Filter>
    </ClInclude>
    <ClInclude Include="..\..\..\Source\Audio\WaveData.hpp">
      <Filter>Source\Audio</Filter>
    </ClInclude>
    <ClInclude Include="..\..\..\Source\Storage\FileToCppHex.hpp">
      <Filter>Source\Storage</Filter>
    </ClInclude>
    <ClInclude Include="..\..\..\Source\Audio\Sound.hpp">
      <Filter>Source\Audio</Filter>
    </ClInclude>
    <ClInclude Include="..\..\..\Source\Audio\OpenAL\SoundOpenAL.hpp">
      <Filter>Source\Audio\OpenAL</Filter>
    </ClInclude>
    <ClInclude Include="..\..\..\Source\Display\OpenGL\opengl.org\glext.h">
      <Filter>Source\Display\OpenGL\opengl.org</Filter>
    </ClInclude>
    <ClInclude Include="..\..\..\Source\Display\OpenGL\opengl.org\wglext.h">
      <Filter>Source\Display\OpenGL\opengl.org</Filter>
    </ClInclude>
    <ClInclude Include="..\..\..\Source\Display\OpenGL\opengl.org\glcorearb.h">
      <Filter>Source\Display\OpenGL\opengl.org</Filter>
    </ClInclude>
    <ClInclude Include="..\..\..\Source\Display\OpenGL\ImageGL.hpp">
      <Filter>Source\Display\OpenGL</Filter>
    </ClInclude>
    <ClInclude Include="..\..\..\Source\Display\OpenGL\InputGL.hpp">
      <Filter>Source\Display\OpenGL</Filter>
    </ClInclude>
    <ClInclude Include="..\..\..\Source\Display\OpenGL\WindowGL.hpp">
      <Filter>Source\Display\OpenGL</Filter>
    </ClInclude>
    <ClInclude Include="..\..\..\Source\Display\OpenGL\GLExt.hpp">
      <Filter>Source\Display\OpenGL</Filter>
    </ClInclude>
    <ClInclude Include="..\..\..\Source\Text\Text.hpp">
      <Filter>Source\Text</Filter>
    </ClInclude>
    <ClInclude Include="..\..\..\Source\Text\Convert.hpp">
      <Filter>Source\Text</Filter>
    </ClInclude>
    <ClInclude Include="..\..\..\Source\Display\WindowStyle.hpp">
      <Filter>Source\Display</Filter>
    </ClInclude>
    <ClInclude Include="..\..\..\Source\Display\Common\Win32\WindowBase.hpp">
      <Filter>Source\Display\Common\Win32</Filter>
    </ClInclude>
  </ItemGroup>
  <ItemGroup>
    <ClCompile Include="..\..\..\Source\Assert\Assert.cpp">
      <Filter>Source\Assert</Filter>
    </ClCompile>
    <ClCompile Include="..\..\..\Source\Assert\Assert.Win32.cpp">
      <Filter>Source\Assert</Filter>
    </ClCompile>
    <ClCompile Include="..\..\..\Source\Assert\Win32\AssertWnd.cpp">
      <Filter>Source\Assert\Win32</Filter>
    </ClCompile>
    <ClCompile Include="..\..\..\Source\DataStruct\VectorAssert.cpp">
      <Filter>Source\DataStruct</Filter>
    </ClCompile>
    <ClCompile Include="..\..\..\Source\Memory\Memory.cpp">
      <Filter>Source\Memory</Filter>
    </ClCompile>
    <ClCompile Include="..\..\..\Source\String\String.cpp">
      <Filter>Source\String</Filter>
    </ClCompile>
    <ClCompile Include="..\..\..\Source\String\String.Win32.cpp">
      <Filter>Source\String</Filter>
    </ClCompile>
    <ClCompile Include="..\..\..\Source\Threading\Thread.Win32.cpp">
      <Filter>Source\Threading</Filter>
    </ClCompile>
    <ClCompile Include="..\..\..\Source\System.cpp">
      <Filter>Source</Filter>
    </ClCompile>
    <ClCompile Include="..\..\..\Source\System.Win32.cpp">
      <Filter>Source</Filter>
    </ClCompile>
    <ClCompile Include="..\..\..\Source\Types.cpp">
      <Filter>Source</Filter>
    </ClCompile>
    <ClCompile Include="..\..\..\Source\Storage\File\File.cpp">
      <Filter>Source\Storage\File</Filter>
    </ClCompile>
    <ClCompile Include="..\..\..\Source\Storage\File\File.Win32.cpp">
      <Filter>Source\Storage\File</Filter>
    </ClCompile>
    <ClCompile Include="..\..\..\Source\Storage\IniFile\IniFile.cpp">
      <Filter>Source\Storage\InitFile</Filter>
    </ClCompile>
    <ClCompile Include="..\..\..\Source\Storage\IniFile\KeyValue.cpp">
      <Filter>Source\Storage\InitFile</Filter>
    </ClCompile>
    <ClCompile Include="..\..\..\Source\Storage\IniFile\Section.cpp">
      <Filter>Source\Storage\InitFile</Filter>
    </ClCompile>
    <ClCompile Include="..\..\..\Source\Storage\TextFile\TextFile.cpp">
      <Filter>Source\Storage\TextFile</Filter>
    </ClCompile>
    <ClCompile Include="..\..\..\Source\Assert\Exception.cpp">
      <Filter>Source\Assert</Filter>
    </ClCompile>
    <ClCompile Include="..\..\..\Source\Geometry\Motion.cpp">
      <Filter>Source\Geometry</Filter>
    </ClCompile>
    <ClCompile Include="..\..\..\Source\Geometry\Point.cpp">
      <Filter>Source\Geometry</Filter>
    </ClCompile>
    <ClCompile Include="..\..\..\Source\Geometry\Vector.cpp">
      <Filter>Source\Geometry</Filter>
    </ClCompile>
    <ClCompile Include="..\..\..\Source\Geometry\Rectangle.cpp">
      <Filter>Source\Geometry</Filter>
    </ClCompile>
    <ClCompile Include="..\..\..\Source\Timing\Timing.Win32.cpp">
      <Filter>Source\Timing</Filter>
    </ClCompile>
    <ClCompile Include="..\..\..\Source\Timing\Clock.cpp">
      <Filter>Source\Timing</Filter>
    </ClCompile>
    <ClCompile Include="..\..\..\Source\Timing\Rate.cpp">
      <Filter>Source\Timing</Filter>
    </ClCompile>
    <ClCompile Include="..\..\..\Source\Display\SDL\ImageSDL.cpp">
      <Filter>Source\Display\SDL</Filter>
    </ClCompile>
    <ClCompile Include="..\..\..\Source\Display\SDL\InputSDL.cpp">
      <Filter>Source\Display\SDL</Filter>
    </ClCompile>
    <ClCompile Include="..\..\..\Source\Display\SDL\WindowSDL.cpp">
      <Filter>Source\Display\SDL</Filter>
    </ClCompile>
    <ClCompile Include="..\..\..\Source\Display\Color.cpp">
      <Filter>Source\Display</Filter>
    </ClCompile>
    <ClCompile Include="..\..\..\Source\Display\Image.cpp">
      <Filter>Source\Display</Filter>
    </ClCompile>
    <ClCompile Include="..\..\..\Source\Display\Sprite.cpp">
      <Filter>Source\Display</Filter>
    </ClCompile>
    <ClCompile Include="..\..\..\Source\Display\Window.cpp">
      <Filter>Source\Display</Filter>
    </ClCompile>
    <ClCompile Include="..\..\..\Source\Math\Math.cpp">
      <Filter>Source\Math</Filter>
    </ClCompile>
    <ClCompile Include="..\..\..\Source\Input\Keys.Win32.cpp">
      <Filter>Source\Input</Filter>
    </ClCompile>
    <ClCompile Include="..\..\..\Source\Assert\Win32\BaseWindow.cpp">
      <Filter>Source\Assert\Win32</Filter>
    </ClCompile>
    <ClCompile Include="..\..\..\Source\Display\Display.cpp">
      <Filter>Source\Display</Filter>
    </ClCompile>
    <ClCompile Include="..\..\..\Source\Platform\Element.cpp">
      <Filter>Source\Platform</Filter>
    </ClCompile>
    <ClCompile Include="..\..\..\Source\Platform\Zone.cpp">
      <Filter>Source\Platform</Filter>
    </ClCompile>
    <ClCompile Include="..\..\..\Source\Platform\Camera.cpp">
      <Filter>Source\Platform</Filter>
    </ClCompile>
    <ClCompile Include="..\..\..\Source\Input\Alignment.cpp">
      <Filter>Source\Input</Filter>
    </ClCompile>
    <ClCompile Include="..\..\..\Source\Input\Command.cpp">
      <Filter>Source\Input</Filter>
    </ClCompile>
    <ClCompile Include="..\..\..\Source\Storage\FileToCppHex.cpp">
      <Filter>Source\Storage</Filter>
    </ClCompile>
    <ClCompile Include="..\..\..\Source\Buffer.cpp">
      <Filter>Source</Filter>
    </ClCompile>
    <ClCompile Include="..\..\..\Source\Audio\OpenAL\AudioSystemOpenAL.cpp">
      <Filter>Source\Audio\OpenAL</Filter>
    </ClCompile>
    <ClCompile Include="..\..\..\Source\Audio\AudioSystem.cpp">
      <Filter>Source\Audio</Filter>
    </ClCompile>
    <ClCompile Include="..\..\..\Source\Audio\WaveData.cpp">
      <Filter>Source\Audio</Filter>
    </ClCompile>
    <ClCompile Include="..\..\..\Source\Audio\OpenAL\SoundOpenAL.cpp">
      <Filter>Source\Audio\OpenAL</Filter>
    </ClCompile>
    <ClCompile Include="..\..\..\Source\Display\OpenGL\InputGL.cpp">
      <Filter>Source\Display\OpenGL</Filter>
    </ClCompile>
    <ClCompile Include="..\..\..\Source\Display\OpenGL\WindowGL.cpp">
      <Filter>Source\Display\OpenGL</Filter>
    </ClCompile>
    <ClCompile Include="..\..\..\Source\Display\OpenGL\ImageGL.cpp">
      <Filter>Source\Display\OpenGL</Filter>
    </ClCompile>
    <ClCompile Include="..\..\..\Source\Display\OpenGL\GLExt.cpp">
      <Filter>Source\Display\OpenGL</Filter>
    </ClCompile>
    <ClCompile Include="..\..\..\Source\Display\OpenGL\Win32\GLExt.Win32.cpp">
      <Filter>Source\Display\OpenGL\Win32</Filter>
    </ClCompile>
    <ClCompile Include="..\..\..\Source\Text\Win32\Convert.Win32.cpp">
      <Filter>Source\Text\Win32</Filter>
    </ClCompile>
    <ClCompile Include="..\..\..\Source\Display\Common\Win32\WindowBase.cpp">
      <Filter>Source\Display\Common\Win32</Filter>
    </ClCompile>
  </ItemGroup>
  <ItemGroup>
    <Filter Include="Source">
      <UniqueIdentifier>{ad2c260b-dc6f-4902-ba1e-1130733399da}</UniqueIdentifier>
    </Filter>
    <Filter Include="Source\Assert">
      <UniqueIdentifier>{a924027d-1025-47d5-817d-4c3014fd1b23}</UniqueIdentifier>
    </Filter>
    <Filter Include="Source\Assert\Win32">
      <UniqueIdentifier>{5ffe7d27-821d-41c6-8294-07cc0d8f57b2}</UniqueIdentifier>
    </Filter>
    <Filter Include="Source\DataStruct">
      <UniqueIdentifier>{772e8a85-0b2c-4d6f-bf02-0d38922a40e3}</UniqueIdentifier>
    </Filter>
    <Filter Include="Source\Memory">
      <UniqueIdentifier>{1e0dd43d-c2de-4866-b44a-eec0d46bfbc8}</UniqueIdentifier>
    </Filter>
    <Filter Include="Source\Storage">
      <UniqueIdentifier>{cdc7bb8a-bf35-4a7a-82be-f9144b8230e0}</UniqueIdentifier>
    </Filter>
    <Filter Include="Source\Storage\File">
      <UniqueIdentifier>{7a88f812-298a-452d-8390-a3051e0e6bbd}</UniqueIdentifier>
    </Filter>
    <Filter Include="Source\Storage\InitFile">
      <UniqueIdentifier>{f344bbe3-e21b-4145-80b1-c7a1ad04e402}</UniqueIdentifier>
    </Filter>
    <Filter Include="Source\Storage\TextFile">
      <UniqueIdentifier>{8628b660-076c-4458-aae4-80b803f7d63f}</UniqueIdentifier>
    </Filter>
    <Filter Include="Source\String">
      <UniqueIdentifier>{944c9b13-f275-4ca7-825a-e9f07ebc8ee7}</UniqueIdentifier>
    </Filter>
    <Filter Include="Source\Threading">
      <UniqueIdentifier>{2b154fea-ba91-42cf-847b-ece5d199d071}</UniqueIdentifier>
    </Filter>
    <Filter Include="Include">
      <UniqueIdentifier>{4f0bb6a1-973a-4c21-80a0-138681f8eea6}</UniqueIdentifier>
    </Filter>
    <Filter Include="Source\Timing">
      <UniqueIdentifier>{b2f0ed0f-24ac-47a6-8531-8117ea57159d}</UniqueIdentifier>
    </Filter>
    <Filter Include="Source\Display">
      <UniqueIdentifier>{02133abb-e797-4c9c-b065-5a5a508a0403}</UniqueIdentifier>
    </Filter>
    <Filter Include="Source\Display\SDL">
      <UniqueIdentifier>{6dc5a91e-f508-4065-af17-8e48bbabe694}</UniqueIdentifier>
    </Filter>
    <Filter Include="Source\Math">
      <UniqueIdentifier>{22be90d4-dcd1-4e4c-840d-302db1cd56bf}</UniqueIdentifier>
    </Filter>
    <Filter Include="Source\Input">
      <UniqueIdentifier>{395b894f-f9e9-4940-a84b-7954c291f725}</UniqueIdentifier>
    </Filter>
    <Filter Include="Source\Geometry">
      <UniqueIdentifier>{497b0b35-197f-4d7f-aebb-57e8e473a630}</UniqueIdentifier>
    </Filter>
    <Filter Include="Source\Platform">
      <UniqueIdentifier>{2901e2c2-ca69-403c-bf59-a3d4c54cda3d}</UniqueIdentifier>
    </Filter>
    <Filter Include="Source\Audio">
      <UniqueIdentifier>{e543eb83-686f-4d81-8857-906c59126296}</UniqueIdentifier>
    </Filter>
    <Filter Include="Source\Audio\OpenAL">
      <UniqueIdentifier>{f343bace-e219-4617-b112-5241ea03ad92}</UniqueIdentifier>
    </Filter>
    <Filter Include="Source\Display\OpenGL">
      <UniqueIdentifier>{8361335d-c906-4b5c-9235-0ff154d70d9c}</UniqueIdentifier>
    </Filter>
    <Filter Include="Source\Display\OpenGL\opengl.org">
      <UniqueIdentifier>{36cebc50-3bef-4b21-9c0f-fbd5bd942f13}</UniqueIdentifier>
    </Filter>
    <Filter Include="Source\Display\OpenGL\Win32">
      <UniqueIdentifier>{45402826-21b8-4bcd-b2df-4a9402d94ced}</UniqueIdentifier>
    </Filter>
    <Filter Include="Source\Text">
      <UniqueIdentifier>{e2b88e12-4394-48a9-a3d1-41222c452cb1}</UniqueIdentifier>
    </Filter>
    <Filter Include="Source\Text\Win32">
      <UniqueIdentifier>{be916f7b-f884-4c1c-9cdf-95edb8abfdbf}</UniqueIdentifier>
    </Filter>
    <Filter Include="Source\Display\Common">
      <UniqueIdentifier>{0e42798e-9a4a-4926-ac02-d9faff9ea0b9}</UniqueIdentifier>
    </Filter>
    <Filter Include="Source\Display\Common\Win32">
      <UniqueIdentifier>{1b02b175-e5ce-44f8-b9f2-485366f6d1fc}</UniqueIdentifier>
    </Filter>
  </ItemGroup>
  <ItemGroup>
    <None Include="..\..\..\Source\DataStruct\Vector.tpp">
      <Filter>Source\DataStruct</Filter>
    </None>
    <None Include="..\..\..\Source\Display\OpenGL\opengl.org\README">
      <Filter>Source\Display\OpenGL\opengl.org</Filter>
    </None>
  </ItemGroup>
</Project>